
Microsoft Visual Studio Solution File, Format Version 10.00
# Visual Studio 2008
Project("{FAE04EC0-301F-11D3-BF4B-00C04F79EFBC}") = "XNA_HLSL", "XNA_HLSL\XNA_HLSL.csproj", "{88F2FD86-80CF-49E0-A78D-82BC3EAA8A49}"
EndProject
Global
	GlobalSection(SolutionConfigurationPlatforms) = preSolution
		Debug|x86 = Debug|x86
		Release|x86 = Release|x86
	EndGlobalSection
	GlobalSection(ProjectConfigurationPlatforms) = postSolution
		{88F2FD86-80CF-49E0-A78D-82BC3EAA8A49}.Debug|x86.ActiveCfg = Debug|x86
		{88F2FD86-80CF-49E0-A78D-82BC3EAA8A49}.Debug|x86.Build.0 = Debug|x86
		{88F2FD86-80CF-49E0-A78D-82BC3EAA8A49}.Release|x86.ActiveCfg = Release|x86
		{88F2FD86-80CF-49E0-A78D-82BC3EAA8A49}.Release|x86.Build.0 = Release|x86
		{2941C25B-C3A8-4241-B822-35590A238000}.Debug|x86.ActiveCfg = Debug|x86
		{2941C25B-C3A8-4241-B822-35590A238000}.Release|x86.ActiveCfg = Release|x86
	EndGlobalSection
	GlobalSection(SolutionProperties) = preSolution
		HideSolutionNode = FALSE
	EndGlobalSection
EndGlobal
